
Microsoft Visual Studio Solution File, Format Version 12.00
# Visual Studio 14
VisualStudioVersion = 14.0.24720.0
MinimumVisualStudioVersion = 10.0.40219.1
Project("{FAE04EC0-301F-11D3-BF4B-00C04F79EFBC}") = "KAB.Eshop", "KAB.Eshop\KAB.Eshop.csproj", "{DDC49056-4D3B-48AB-9DD4-0CC2112FAD83}"
EndProject
Project("{8BB2217D-0F2D-49D1-97BC-3654ED321F3B}") = "EshopMVC", "EshopMVC\EshopMVC.xproj", "{3E41812D-20DB-44AB-BBE0-05898BC1F1F2}"
EndProject
Global
	GlobalSection(SolutionConfigurationPlatforms) = preSolution
		Debug|Any CPU = Debug|Any CPU
		Release|Any CPU = Release|Any CPU
	EndGlobalSection
	GlobalSection(ProjectConfigurationPlatforms) = postSolution
		{DDC49056-4D3B-48AB-9DD4-0CC2112FAD83}.Debug|Any CPU.ActiveCfg = Debug|Any CPU
		{DDC49056-4D3B-48AB-9DD4-0CC2112FAD83}.Debug|Any CPU.Build.0 = Debug|Any CPU
		{DDC49056-4D3B-48AB-9DD4-0CC2112FAD83}.Release|Any CPU.ActiveCfg = Release|Any CPU
		{DDC49056-4D3B-48AB-9DD4-0CC2112FAD83}.Release|Any CPU.Build.0 = Release|Any CPU
		{3E41812D-20DB-44AB-BBE0-05898BC1F1F2}.Debug|Any CPU.ActiveCfg = Debug|Any CPU
		{3E41812D-20DB-44AB-BBE0-05898BC1F1F2}.Debug|Any CPU.Build.0 = Debug|Any CPU
		{3E41812D-20DB-44AB-BBE0-05898BC1F1F2}.Release|Any CPU.ActiveCfg = Release|Any CPU
		{3E41812D-20DB-44AB-BBE0-05898BC1F1F2}.Release|Any CPU.Build.0 = Release|Any CPU
	EndGlobalSection
	GlobalSection(SolutionProperties) = preSolution
		HideSolutionNode = FALSE
	EndGlobalSection
EndGlobal
